
Microsoft Visual Studio Solution File, Format Version 12.00
# Visual Studio Version 17
VisualStudioVersion = 17.6.33829.357
MinimumVisualStudioVersion = 10.0.40219.1
Project("{FAE04EC0-301F-11D3-BF4B-00C04F79EFBC}") = "Ghabzino", "Ghabzino\Ghabzino.csproj", "{E65D5731-DC20-4D3E-8092-A608FFE36E4E}"
EndProject
Global
	GlobalSection(SolutionConfigurationPlatforms) = preSolution
		Debug|Any CPU = Debug|Any CPU
		Release|Any CPU = Release|Any CPU
	EndGlobalSection
	GlobalSection(ProjectConfigurationPlatforms) = postSolution
		{E65D5731-DC20-4D3E-8092-A608FFE36E4E}.Debug|Any CPU.ActiveCfg = Debug|Any CPU
		{E65D5731-DC20-4D3E-8092-A608FFE36E4E}.Debug|Any CPU.Build.0 = Debug|Any CPU
		{E65D5731-DC20-4D3E-8092-A608FFE36E4E}.Release|Any CPU.ActiveCfg = Release|Any CPU
		{E65D5731-DC20-4D3E-8092-A608FFE36E4E}.Release|Any CPU.Build.0 = Release|Any CPU
	EndGlobalSection
	GlobalSection(SolutionProperties) = preSolution
		HideSolutionNode = FALSE
	EndGlobalSection
	GlobalSection(ExtensibilityGlobals) = postSolution
		SolutionGuid = {93484228-FF3B-4E16-A05B-DC0B492C2D74}
	EndGlobalSection
EndGlobal
